
Microsoft Visual Studio Solution File, Format Version 12.00
# Visual Studio 14
VisualStudioVersion = 14.0.25420.1
MinimumVisualStudioVersion = 10.0.40219.1
Project("{FAE04EC0-301F-11D3-BF4B-00C04F79EFBC}") = "GsEPWv8-5-MVC", "GsEPWv8-5-MVC\GsEPWv8-5-MVC.csproj", "{E0516326-8029-47B5-971B-EED5126FEADE}"
EndProject
Project("{FAE04EC0-301F-11D3-BF4B-00C04F79EFBC}") = "GsEPWv8-5-MVC.Core", "GsEPWv8-5-MVC.Core\GsEPWv8-5-MVC.Core.csproj", "{68F342E8-A86A-4428-9669-EECB6E6DA730}"
EndProject
Project("{FAE04EC0-301F-11D3-BF4B-00C04F79EFBC}") = "GsEPWv8-5-MVC.Data", "GsEPWv8-5-MVC.Data\GsEPWv8-5-MVC.Data.csproj", "{5AEA13D4-5654-4A4F-82F1-75EEF72A84A5}"
EndProject
Project("{FAE04EC0-301F-11D3-BF4B-00C04F79EFBC}") = "GsEPWv8-5-MVC.Model", "GsEPWv8-5-MVC.Model\GsEPWv8-5-MVC.Model.csproj", "{ED2E56C3-66DE-4351-A49A-097D632178BF}"
EndProject
Project("{FAE04EC0-301F-11D3-BF4B-00C04F79EFBC}") = "GsEPWv8-5-MVC.Business", "GsEPWv8-5-MVC.Business\GsEPWv8-5-MVC.Business.csproj", "{DBF28422-06CF-4CDA-B8DB-978669690A41}"
EndProject
Global
	GlobalSection(SolutionConfigurationPlatforms) = preSolution
		Debug|Any CPU = Debug|Any CPU
		Release|Any CPU = Release|Any CPU
	EndGlobalSection
	GlobalSection(ProjectConfigurationPlatforms) = postSolution
		{E0516326-8029-47B5-971B-EED5126FEADE}.Debug|Any CPU.ActiveCfg = Debug|Any CPU
		{E0516326-8029-47B5-971B-EED5126FEADE}.Debug|Any CPU.Build.0 = Debug|Any CPU
		{E0516326-8029-47B5-971B-EED5126FEADE}.Release|Any CPU.ActiveCfg = Release|Any CPU
		{E0516326-8029-47B5-971B-EED5126FEADE}.Release|Any CPU.Build.0 = Release|Any CPU
		{68F342E8-A86A-4428-9669-EECB6E6DA730}.Debug|Any CPU.ActiveCfg = Debug|Any CPU
		{68F342E8-A86A-4428-9669-EECB6E6DA730}.Debug|Any CPU.Build.0 = Debug|Any CPU
		{68F342E8-A86A-4428-9669-EECB6E6DA730}.Release|Any CPU.ActiveCfg = Release|Any CPU
		{68F342E8-A86A-4428-9669-EECB6E6DA730}.Release|Any CPU.Build.0 = Release|Any CPU
		{5AEA13D4-5654-4A4F-82F1-75EEF72A84A5}.Debug|Any CPU.ActiveCfg = Debug|Any CPU
		{5AEA13D4-5654-4A4F-82F1-75EEF72A84A5}.Debug|Any CPU.Build.0 = Debug|Any CPU
		{5AEA13D4-5654-4A4F-82F1-75EEF72A84A5}.Release|Any CPU.ActiveCfg = Release|Any CPU
		{5AEA13D4-5654-4A4F-82F1-75EEF72A84A5}.Release|Any CPU.Build.0 = Release|Any CPU
		{ED2E56C3-66DE-4351-A49A-097D632178BF}.Debug|Any CPU.ActiveCfg = Debug|Any CPU
		{ED2E56C3-66DE-4351-A49A-097D632178BF}.Debug|Any CPU.Build.0 = Debug|Any CPU
		{ED2E56C3-66DE-4351-A49A-097D632178BF}.Release|Any CPU.ActiveCfg = Release|Any CPU
		{ED2E56C3-66DE-4351-A49A-097D632178BF}.Release|Any CPU.Build.0 = Release|Any CPU
		{DBF28422-06CF-4CDA-B8DB-978669690A41}.Debug|Any CPU.ActiveCfg = Debug|Any CPU
		{DBF28422-06CF-4CDA-B8DB-978669690A41}.Debug|Any CPU.Build.0 = Debug|Any CPU
		{DBF28422-06CF-4CDA-B8DB-978669690A41}.Release|Any CPU.ActiveCfg = Release|Any CPU
		{DBF28422-06CF-4CDA-B8DB-978669690A41}.Release|Any CPU.Build.0 = Release|Any CPU
	EndGlobalSection
	GlobalSection(SolutionProperties) = preSolution
		HideSolutionNode = FALSE
	EndGlobalSection
EndGlobal
